
Microsoft Visual Studio Solution File, Format Version 12.00
# Visual Studio Version 16
VisualStudioVersion = 16.0.31129.286
MinimumVisualStudioVersion = 10.0.40219.1
Project("{FAE04EC0-301F-11D3-BF4B-00C04F79EFBC}") = "ServerBase", "ServerBase\ServerBase.csproj", "{29BD9C0C-F0D8-4FF1-80AA-C3EE058D1268}"
EndProject
Global
	GlobalSection(SolutionConfigurationPlatforms) = preSolution
		Debug|Any CPU = Debug|Any CPU
		Release|Any CPU = Release|Any CPU
	EndGlobalSection
	GlobalSection(ProjectConfigurationPlatforms) = postSolution
		{29BD9C0C-F0D8-4FF1-80AA-C3EE058D1268}.Debug|Any CPU.ActiveCfg = Debug|Any CPU
		{29BD9C0C-F0D8-4FF1-80AA-C3EE058D1268}.Debug|Any CPU.Build.0 = Debug|Any CPU
		{29BD9C0C-F0D8-4FF1-80AA-C3EE058D1268}.Release|Any CPU.ActiveCfg = Release|Any CPU
		{29BD9C0C-F0D8-4FF1-80AA-C3EE058D1268}.Release|Any CPU.Build.0 = Release|Any CPU
	EndGlobalSection
	GlobalSection(SolutionProperties) = preSolution
		HideSolutionNode = FALSE
	EndGlobalSection
	GlobalSection(ExtensibilityGlobals) = postSolution
		SolutionGuid = {0CAB206D-0584-40AC-A201-8DE5F5DCC1A6}
	EndGlobalSection
EndGlobal
